
Microsoft Visual Studio Solution File, Format Version 12.00
Project("{FAE04EC0-301F-11D3-BF4B-00C04F79EFBC}") = "Tuto_6", "Tuto_6\Tuto_6.csproj", "{A3EFE7A7-D6CF-4B11-A5B6-FE984A319026}"
EndProject
Global
	GlobalSection(SolutionConfigurationPlatforms) = preSolution
		Debug|Any CPU = Debug|Any CPU
		Release|Any CPU = Release|Any CPU
	EndGlobalSection
	GlobalSection(ProjectConfigurationPlatforms) = postSolution
		{A3EFE7A7-D6CF-4B11-A5B6-FE984A319026}.Debug|Any CPU.ActiveCfg = Debug|Any CPU
		{A3EFE7A7-D6CF-4B11-A5B6-FE984A319026}.Debug|Any CPU.Build.0 = Debug|Any CPU
		{A3EFE7A7-D6CF-4B11-A5B6-FE984A319026}.Release|Any CPU.ActiveCfg = Release|Any CPU
		{A3EFE7A7-D6CF-4B11-A5B6-FE984A319026}.Release|Any CPU.Build.0 = Release|Any CPU
	EndGlobalSection
EndGlobal
